# THIS IS AN AUTOGENERATED FILE. DO NOT EDIT THIS FILE DIRECTLY.
# yarn lockfile v1


ansi-colors@^3.2.1:
  version "3.2.4"
  resolved "https://registry.yarnpkg.com/ansi-colors/-/ansi-colors-3.2.4.tgz#e3a3da4bfbae6c86a9c285625de124a234026fbf"
  integrity sha512-hHUXGagefjN2iRrID63xckIvotOXOojhQKWIPUZ4mNUZ9nLZW+7FMNoE1lOkEhNWYsx/7ysGIuJYCiMAA9FnrA==

enquirer@^2.3.4:
  version "2.3.4"
  resolved "https://registry.yarnpkg.com/enquirer/-/enquirer-2.3.4.tgz#c608f2e1134c7f68c1c9ee056de13f9b31076de9"
  integrity sha512-pkYrrDZumL2VS6VBGDhqbajCM2xpkUNLuKfGPjfKaSIBKYopQbqEFyrOkRMIb2HDR/rO1kGhEt/5twBwtzKBXw==
  dependencies:
    ansi-colors "^3.2.1"
